{
  "name": "self-tester",
  "version": "1.0.0",
  "lockfileVersion": 2,
  "requires": true,
  "packages": {
    "": {
      "version": "1.0.0",
      "license": "MIT",
      "dependencies": {
        "blessed": "^0.1.81",
        "ironberry": "^2.0.1",
        "ray-flags": "^0.0.7",
        "ray-fs": "^2.2.1",
        "sucide": "^1.0.1"
      }
    },
    "node_modules/blessed": {
      "version": "0.1.81",
      "resolved": "https://registry.npmjs.org/blessed/-/blessed-0.1.81.tgz",
      "integrity": "sha1-+WLWh+wsNpVwrnGvhDJW5tDKESk=",
      "bin": {
        "blessed": "bin/tput.js"
      },
      "engines": {
        "node": ">= 0.8.0"
      }
    },
    "node_modules/ironberry": {
      "version": "2.0.1",
      "resolved": "https://registry.npmjs.org/ironberry/-/ironberry-2.0.1.tgz",
      "integrity": "sha512-l4pyQ/0JaYeu9xMuVHtdRbJrJz/cORq04+anio71/wfgqmR8o5q17hdmhMtwytGlzqs0UE4z4mq2jEkgTN5mqQ=="
    },
    "node_modules/ray-flags": {
      "version": "0.0.7",
      "resolved": "https://registry.npmjs.org/ray-flags/-/ray-flags-0.0.7.tgz",
      "integrity": "sha512-v43iQ6dfCr5Vsg89IqzV//oYZ2R3gVtUaefi8nU/YSSlWtCmRY5VLo2hl8iBZOJt1Djo9HWAze+LX2fxWXP5tg=="
    },
    "node_modules/ray-fs": {
      "version": "2.2.1",
      "resolved": "https://registry.npmjs.org/ray-fs/-/ray-fs-2.2.1.tgz",
      "integrity": "sha512-4/72W8az52w78CMfHaJ054GA63bO9yTZggNU6MlR9gU1zYWKIIlzgG070xK7DQnGLuf0shZh/VajCCWO+ClrLQ==",
      "dependencies": {
        "sucide": "^1.0.1"
      }
    },
    "node_modules/sucide": {
      "version": "1.0.1",
      "resolved": "https://registry.npmjs.org/sucide/-/sucide-1.0.1.tgz",
      "integrity": "sha512-5XpQ9eaxM0jakpDJmENEJVydhTSqtJLg593wdfbm7gZPuKEHcitzbHSB9wpL0wqDpLIRstI42IOedCfsJNhk1Q=="
    }
  },
  "dependencies": {
    "blessed": {
      "version": "0.1.81",
      "resolved": "https://registry.npmjs.org/blessed/-/blessed-0.1.81.tgz",
      "integrity": "sha1-+WLWh+wsNpVwrnGvhDJW5tDKESk="
    },
    "ironberry": {
      "version": "2.0.1",
      "resolved": "https://registry.npmjs.org/ironberry/-/ironberry-2.0.1.tgz",
      "integrity": "sha512-l4pyQ/0JaYeu9xMuVHtdRbJrJz/cORq04+anio71/wfgqmR8o5q17hdmhMtwytGlzqs0UE4z4mq2jEkgTN5mqQ=="
    },
    "ray-flags": {
      "version": "0.0.7",
      "resolved": "https://registry.npmjs.org/ray-flags/-/ray-flags-0.0.7.tgz",
      "integrity": "sha512-v43iQ6dfCr5Vsg89IqzV//oYZ2R3gVtUaefi8nU/YSSlWtCmRY5VLo2hl8iBZOJt1Djo9HWAze+LX2fxWXP5tg=="
    },
    "ray-fs": {
      "version": "2.2.1",
      "resolved": "https://registry.npmjs.org/ray-fs/-/ray-fs-2.2.1.tgz",
      "integrity": "sha512-4/72W8az52w78CMfHaJ054GA63bO9yTZggNU6MlR9gU1zYWKIIlzgG070xK7DQnGLuf0shZh/VajCCWO+ClrLQ==",
      "requires": {
        "sucide": "^1.0.1"
      }
    },
    "sucide": {
      "version": "1.0.1",
      "resolved": "https://registry.npmjs.org/sucide/-/sucide-1.0.1.tgz",
      "integrity": "sha512-5XpQ9eaxM0jakpDJmENEJVydhTSqtJLg593wdfbm7gZPuKEHcitzbHSB9wpL0wqDpLIRstI42IOedCfsJNhk1Q=="
    }
  }
}
